<?xml version="1.0" encoding="utf-8"?>
<Project ToolsVersion="4.0" xmlns="http://schemas.microsoft.com/developer/msbuild/2003">
  <ItemGroup>
    <Filter Include="资源文件">
      <UniqueIdentifier>{67DA6AB6-F800-4c08-8B7A-83BB121AAD01}</UniqueIdentifier>
      <Extensions>rc;ico;cur;bmp;dlg;rc2;rct;bin;rgs;gif;jpg;jpeg;jpe;resx;tiff;tif;png;wav;mfcribbon-ms</Extensions>
    </Filter>
    <Filter Include="include">
      <UniqueIdentifier>{aaa1f141-10a0-440a-b757-a707fcc0019a}</UniqueIdentifier>
    </Filter>
    <Filter Include="inline">
      <UniqueIdentifier>{10e5030c-50b9-47da-87f4-bd2c9568e7cb}</UniqueIdentifier>
    </Filter>
    <Filter Include="source">
      <UniqueIdentifier>{ec0306e5-80d5-4f79-b851-8a720cd9c41c}</UniqueIdentifier>
    </Filter>
  </ItemGroup>
  <ItemGroup>
    <ClCompile Include="iocp.cpp">
      <Filter>source</Filter>
    </ClCompile>
    <ClCompile Include="main.cpp">
      <Filter>source</Filter>
    </ClCompile>
  </ItemGroup>
  <ItemGroup>
    <ClInclude Include="iocp.h">
      <Filter>include</Filter>
    </ClInclude>
    <ClInclude Include="iocpcommon.h">
      <Filter>include</Filter>
    </ClInclude>
    <ClInclude Include="iocpexception.h">
      <Filter>include</Filter>
    </ClInclude>
    <ClInclude Include="iocpmodel.h">
      <Filter>include</Filter>
    </ClInclude>
  </ItemGroup>
  <ItemGroup>
    <None Include="iocp.inl">
      <Filter>inline</Filter>
    </None>
  </ItemGroup>
</Project>